
Microsoft Visual Studio Solution File, Format Version 12.00
# Visual Studio Version 16
VisualStudioVersion = 16.0.29020.237
MinimumVisualStudioVersion = 10.0.40219.1
Project("{FAE04EC0-301F-11D3-BF4B-00C04F79EFBC}") = "Academy.Assestment.Main", "Academy.Assestment.Main\Academy.Assestment.Main.csproj", "{A8E42B1C-30AA-4121-A3CB-AA00BA450929}"
EndProject
Global
	GlobalSection(SolutionConfigurationPlatforms) = preSolution
		Debug|Any CPU = Debug|Any CPU
		Release|Any CPU = Release|Any CPU
	EndGlobalSection
	GlobalSection(ProjectConfigurationPlatforms) = postSolution
		{A8E42B1C-30AA-4121-A3CB-AA00BA450929}.Debug|Any CPU.ActiveCfg = Debug|Any CPU
		{A8E42B1C-30AA-4121-A3CB-AA00BA450929}.Debug|Any CPU.Build.0 = Debug|Any CPU
		{A8E42B1C-30AA-4121-A3CB-AA00BA450929}.Release|Any CPU.ActiveCfg = Release|Any CPU
		{A8E42B1C-30AA-4121-A3CB-AA00BA450929}.Release|Any CPU.Build.0 = Release|Any CPU
	EndGlobalSection
	GlobalSection(SolutionProperties) = preSolution
		HideSolutionNode = FALSE
	EndGlobalSection
	GlobalSection(ExtensibilityGlobals) = postSolution
		SolutionGuid = {00B265B3-A596-4BB7-8174-1B5232BC88DC}
	EndGlobalSection
EndGlobal
